# This file was autogenerated by Stack.
# You should not edit this file by hand.
# For more information, please see the documentation at:
#   https://docs.haskellstack.org/en/stable/lock_files

packages:
- completed:
    name: base-noprelude
    version: 4.15.1.0
    git: https://github.com/serokell/base-noprelude.git
    pantry-tree:
      size: 823
      sha256: e5379f2f6565ae07b8bfb3da213e5a648edd79ccec000290d0f234b9cb750863
    commit: c8b06c4c8a271fce0c2f41ab18e88d58e64bac52
  original:
    git: https://github.com/serokell/base-noprelude.git
    commit: c8b06c4c8a271fce0c2f41ab18e88d58e64bac52
snapshots:
- completed:
    size: 619161
    url: https://raw.githubusercontent.com/commercialhaskell/stackage-snapshots/master/lts/19/17.yaml
    sha256: 7f47507fd037228a8d23cf830f5844e1f006221acebdd7cb49f2f5fb561e0546
  original:
    url: https://raw.githubusercontent.com/commercialhaskell/stackage-snapshots/master/lts/19/17.yaml
